// !$*UTF8*$!
{
	archiveVersion = 1;
	classes = {
	};
	objectVersion = 46;
	objects = {

/* Begin PBXBuildFile section */
		2163D42C1E41332400E61CE4 /* AppDelegate.swift in Sources */ = {isa = PBXBuildFile; fileRef = 2163D42B1E41332400E61CE4 /* AppDelegate.swift */; };
		2163D4321E41332400E61CE4 /* GameScene.swift in Sources */ = {isa = PBXBuildFile; fileRef = 2163D4311E41332400E61CE4 /* GameScene.swift */; };
		2163D4341E41332400E61CE4 /* GameViewController.swift in Sources */ = {isa = PBXBuildFile; fileRef = 2163D4331E41332400E61CE4 /* GameViewController.swift */; };
		2163D4371E41332400E61CE4 /* Main.storyboard in Resources */ = {isa = PBXBuildFile; fileRef = 2163D4351E41332400E61CE4 /* Main.storyboard */; };
		2163D4391E41332400E61CE4 /* Assets.xcassets in Resources */ = {isa = PBXBuildFile; fileRef = 2163D4381E41332400E61CE4 /* Assets.xcassets */; };
		2163D43C1E41332400E61CE4 /* LaunchScreen.storyboard in Resources */ = {isa = PBXBuildFile; fileRef = 2163D43A1E41332400E61CE4 /* LaunchScreen.storyboard */; };
/* End PBXBuildFile section */

/* Begin PBXFileReference section */
		2163D4281E41332400E61CE4 /* Label.app */ = {isa = PBXFileReference; explicitFileType = wrapper.application; includeInIndex = 0; path = Label.app; sourceTree = BUILT_PRODUCTS_DIR; };
		2163D42B1E41332400E61CE4 /* AppDelegate.swift */ = {isa = PBXFileReference; lastKnownFileType = sourcecode.swift; path = AppDelegate.swift; sourceTree = "<group>"; };
		2163D4311E41332400E61CE4 /* GameScene.swift */ = {isa = PBXFileReference; lastKnownFileType = sourcecode.swift; path = GameScene.swift; sourceTree = "<group>"; };
		2163D4331E41332400E61CE4 /* GameViewController.swift */ = {isa = PBXFileReference; lastKnownFileType = sourcecode.swift; path = GameViewController.swift; sourceTree = "<group>"; };
		2163D4361E41332400E61CE4 /* Base */ = {isa = PBXFileReference; lastKnownFileType = file.storyboard; name = Base; path = Base.lproj/Main.storyboard; sourceTree = "<group>"; };
		2163D4381E41332400E61CE4 /* Assets.xcassets */ = {isa = PBXFileReference; lastKnownFileType = folder.assetcatalog; path = Assets.xcassets; sourceTree = "<group>"; };
		2163D43B1E41332400E61CE4 /* Base */ = {isa = PBXFileReference; lastKnownFileType = file.storyboard; name = Base; path = Base.lproj/LaunchScreen.storyboard; sourceTree = "<group>"; };
		2163D43D1E41332400E61CE4 /* Info.plist */ = {isa = PBXFileReference; lastKnownFileType = text.plist.xml; path = Info.plist; sourceTree = "<group>"; };
/* End PBXFileReference section */

/* Begin PBXFrameworksBuildPhase section */
		2163D4251E41332300E61CE4 /* Frameworks */ = {
			isa = PBXFrameworksBuildPhase;
			buildActionMask = 2147483647;
			files = (
			);
			runOnlyForDeploymentPostprocessing = 0;
		};
/* End PBXFrameworksBuildPhase section */

/* Begin PBXGroup section */
		2163D41F1E41332200E61CE4 = {
			isa = PBXGroup;
			children = (
				2163D42A1E41332400E61CE4 /* Label */,
				2163D4291E41332400E61CE4 /* Products */,
			);
			sourceTree = "<group>";
		};
		2163D4291E41332400E61CE4 /* Products */ = {
			isa = PBXGroup;
			children = (
				2163D4281E41332400E61CE4 /* Label.app */,
			);
			name = Products;
			sourceTree = "<group>";
		};
		2163D42A1E41332400E61CE4 /* Label */ = {
			isa = PBXGroup;
			children = (
				2163D42B1E41332400E61CE4 /* AppDelegate.swift */,
				2163D4311E41332400E61CE4 /* GameScene.swift */,
				2163D4331E41332400E61CE4 /* GameViewController.swift */,
				2163D4351E41332400E61CE4 /* Main.storyboard */,
				2163D4381E41332400E61CE4 /* Assets.xcassets */,
				2163D43A1E41332400E61CE4 /* LaunchScreen.storyboard */,
				2163D43D1E41332400E61CE4 /* Info.plist */,
			);
			path = Label;
			sourceTree = "<group>";
		};
/* End PBXGroup section */

/* Begin PBXNativeTarget section */
		2163D4271E41332300E61CE4 /* Label */ = {
			isa = PBXNativeTarget;
			buildConfigurationList = 2163D4401E41332400E61CE4 /* Build configuration list for PBXNativeTarget "Label" */;
			buildPhases = (
				2163D4241E41332300E61CE4 /* Sources */,
				2163D4251E41332300E61CE4 /* Frameworks */,
				2163D4261E41332300E61CE4 /* Resources */,
			);
			buildRules = (
			);
			dependencies = (
			);
			name = Label;
			productName = Label;
			productReference = 2163D4281E41332400E61CE4 /* Label.app */;
			productType = "com.apple.product-type.application";
		};
/* End PBXNativeTarget section */

/* Begin PBXProject section */
		2163D4201E41332200E61CE4 /* Project object */ = {
			isa = PBXProject;
			attributes = {
				LastSwiftUpdateCheck = 0820;
				LastUpgradeCheck = 0820;
				ORGANIZATIONNAME = AppCoda;
				TargetAttributes = {
					2163D4271E41332300E61CE4 = {
						CreatedOnToolsVersion = 8.2.1;
						ProvisioningStyle = Automatic;
					};
				};
			};
			buildConfigurationList = 2163D4231E41332300E61CE4 /* Build configuration list for PBXProject "Label" */;
			compatibilityVersion = "Xcode 3.2";
			developmentRegion = English;
			hasScannedForEncodings = 0;
			knownRegions = (
				en,
				Base,
			);
			mainGroup = 2163D41F1E41332200E61CE4;
			productRefGroup = 2163D4291E41332400E61CE4 /* Products */;
			projectDirPath = "";
			projectRoot = "";
			targets = (
				2163D4271E41332300E61CE4 /* Label */,
			);
		};
/* End PBXProject section */

/* Begin PBXResourcesBuildPhase section */
		2163D4261E41332300E61CE4 /* Resources */ = {
			isa = PBXResourcesBuildPhase;
			buildActionMask = 2147483647;
			files = (
				2163D4371E41332400E61CE4 /* Main.storyboard in Resources */,
				2163D4391E41332400E61CE4 /* Assets.xcassets in Resources */,
				2163D43C1E41332400E61CE4 /* LaunchScreen.storyboard in Resources */,
			);
			runOnlyForDeploymentPostprocessing = 0;
		};
/* End PBXResourcesBuildPhase section */

/* Begin PBXSourcesBuildPhase section */
		2163D4241E41332300E61CE4 /* Sources */ = {
			isa = PBXSourcesBuildPhase;
			buildActionMask = 2147483647;
			files = (
				2163D4321E41332400E61CE4 /* GameScene.swift in Sources */,
				2163D4341E41332400E61CE4 /* GameViewController.swift in Sources */,
				2163D42C1E41332400E61CE4 /* AppDelegate.swift in Sources */,
			);
			runOnlyForDeploymentPostprocessing = 0;
		};
/* End PBXSourcesBuildPhase section */

/* Begin PBXVariantGroup section */
		2163D4351E41332400E61CE4 /* Main.storyboard */ = {
			isa = PBXVariantGroup;
			children = (
				2163D4361E41332400E61CE4 /* Base */,
			);
			name = Main.storyboard;
			sourceTree = "<group>";
		};
		2163D43A1E41332400E61CE4 /* LaunchScreen.storyboard */ = {
			isa = PBXVariantGroup;
			children = (
				2163D43B1E41332400E61CE4 /* Base */,
			);
			name = LaunchScreen.storyboard;
			sourceTree = "<group>";
		};
/* End PBXVariantGroup section */

/* Begin XCBuildConfiguration section */
		2163D43E1E41332400E61CE4 /* Debug */ = {
			isa = XCBuildConfiguration;
			buildSettings = {
				ALWAYS_SEARCH_USER_PATHS = NO;
				CLANG_ANALYZER_NONNULL = YES;
				CLANG_CXX_LANGUAGE_STANDARD = "gnu++0x";
				CLANG_CXX_LIBRARY = "libc++";
				CLANG_ENABLE_MODULES = YES;
				CLANG_ENABLE_OBJC_ARC = YES;
				CLANG_WARN_BOOL_CONVERSION = YES;
				CLANG_WARN_CONSTANT_CONVERSION = YES;
				CLANG_WARN_DIRECT_OBJC_ISA_USAGE = YES_ERROR;
				CLANG_WARN_DOCUMENTATION_COMMENTS = YES;
				CLANG_WARN_EMPTY_BODY = YES;
				CLANG_WARN_ENUM_CONVERSION = YES;
				CLANG_WARN_INFINITE_RECURSION = YES;
				CLANG_WARN_INT_CONVERSION = YES;
				CLANG_WARN_OBJC_ROOT_CLASS = YES_ERROR;
				CLANG_WARN_SUSPICIOUS_MOVE = YES;
				CLANG_WARN_UNREACHABLE_CODE = YES;
				CLANG_WARN__DUPLICATE_METHOD_MATCH = YES;
				"CODE_SIGN_IDENTITY[sdk=iphoneos*]" = "iPhone Developer";
				COPY_PHASE_STRIP = NO;
				DEBUG_INFORMATION_FORMAT = dwarf;
				ENABLE_STRICT_OBJC_MSGSEND = YES;
				ENABLE_TESTABILITY = YES;
				GCC_C_LANGUAGE_STANDARD = gnu99;
				GCC_DYNAMIC_NO_PIC = NO;
				GCC_NO_COMMON_BLOCKS = YES;
				GCC_OPTIMIZATION_LEVEL = 0;
				GCC_PREPROCESSOR_DEFINITIONS = (
					"DEBUG=1",
					"$(inherited)",
				);
				GCC_WARN_64_TO_32_BIT_CONVERSION = YES;
				GCC_WARN_ABOUT_RETURN_TYPE = YES_ERROR;
				GCC_WARN_UNDECLARED_SELECTOR = YES;
				GCC_WARN_UNINITIALIZED_AUTOS = YES_AGGRESSIVE;
				GCC_WARN_UNUSED_FUNCTION = YES;
				GCC_WARN_UNUSED_VARIABLE = YES;
				IPHONEOS_DEPLOYMENT_TARGET = 10.2;
				MTL_ENABLE_DEBUG_INFO = YES;
				ONLY_ACTIVE_ARCH = YES;
				SDKROOT = iphoneos;
				SWIFT_ACTIVE_COMPILATION_CONDITIONS = DEBUG;
				SWIFT_OPTIMIZATION_LEVEL = "-Onone";
			};
			name = Debug;
		};
		2163D43F1E41332400E61CE4 /* Release */ = {
			isa = XCBuildConfiguration;
			buildSettings = {
				ALWAYS_SEARCH_USER_PATHS = NO;
				CLANG_ANALYZER_NONNULL = YES;
				CLANG_CXX_LANGUAGE_STANDARD = "gnu++0x";
				CLANG_CXX_LIBRARY = "libc++";
				CLANG_ENABLE_MODULES = YES;
				CLANG_ENABLE_OBJC_ARC = YES;
				CLANG_WARN_BOOL_CONVERSION = YES;
				CLANG_WARN_CONSTANT_CONVERSION = YES;
				CLANG_WARN_DIRECT_OBJC_ISA_USAGE = YES_ERROR;
				CLANG_WARN_DOCUMENTATION_COMMENTS = YES;
				CLANG_WARN_EMPTY_BODY = YES;
				CLANG_WARN_ENUM_CONVERSION = YES;
				CLANG_WARN_INFINITE_RECURSION = YES;
				CLANG_WARN_INT_CONVERSION = YES;
				CLANG_WARN_OBJC_ROOT_CLASS = YES_ERROR;
				CLANG_WARN_SUSPICIOUS_MOVE = YES;
				CLANG_WARN_UNREACHABLE_CODE = YES;
				CLANG_WARN__DUPLICATE_METHOD_MATCH = YES;
				"CODE_SIGN_IDENTITY[sdk=iphoneos*]" = "iPhone Developer";
				COPY_PHASE_STRIP = NO;
				DEBUG_INFORMATION_FORMAT = "dwarf-with-dsym";
				ENABLE_NS_ASSERTIONS = NO;
				ENABLE_STRICT_OBJC_MSGSEND = YES;
				GCC_C_LANGUAGE_STANDARD = gnu99;
				GCC_NO_COMMON_BLOCKS = YES;
				GCC_WARN_64_TO_32_BIT_CONVERSION = YES;
				GCC_WARN_ABOUT_RETURN_TYPE = YES_ERROR;
				GCC_WARN_UNDECLARED_SELECTOR = YES;
				GCC_WARN_UNINITIALIZED_AUTOS = YES_AGGRESSIVE;
				GCC_WARN_UNUSED_FUNCTION = YES;
				GCC_WARN_UNUSED_VARIABLE = YES;
				IPHONEOS_DEPLOYMENT_TARGET = 10.2;
				MTL_ENABLE_DEBUG_INFO = NO;
				SDKROOT = iphoneos;
				SWIFT_OPTIMIZATION_LEVEL = "-Owholemodule";
				VALIDATE_PRODUCT = YES;
			};
			name = Release;
		};
		2163D4411E41332400E61CE4 /* Debug */ = {
			isa = XCBuildConfiguration;
			buildSettings = {
				ASSETCATALOG_COMPILER_APPICON_NAME = AppIcon;
				INFOPLIST_FILE = Label/Info.plist;
				LD_RUNPATH_SEARCH_PATHS = "$(inherited) @executable_path/Frameworks";
				PRODUCT_BUNDLE_IDENTIFIER = ac.Label;
				PRODUCT_NAME = "$(TARGET_NAME)";
				SWIFT_VERSION = 3.0;
			};
			name = Debug;
		};
		2163D4421E41332400E61CE4 /* Release */ = {
			isa = XCBuildConfiguration;
			buildSettings = {
				ASSETCATALOG_COMPILER_APPICON_NAME = AppIcon;
				INFOPLIST_FILE = Label/Info.plist;
				LD_RUNPATH_SEARCH_PATHS = "$(inherited) @executable_path/Frameworks";
				PRODUCT_BUNDLE_IDENTIFIER = ac.Label;
				PRODUCT_NAME = "$(TARGET_NAME)";
				SWIFT_VERSION = 3.0;
			};
			name = Release;
		};
/* End XCBuildConfiguration section */

/* Begin XCConfigurationList section */
		2163D4231E41332300E61CE4 /* Build configuration list for PBXProject "Label" */ = {
			isa = XCConfigurationList;
			buildConfigurations = (
				2163D43E1E41332400E61CE4 /* Debug */,
				2163D43F1E41332400E61CE4 /* Release */,
			);
			defaultConfigurationIsVisible = 0;
			defaultConfigurationName = Release;
		};
		2163D4401E41332400E61CE4 /* Build configuration list for PBXNativeTarget "Label" */ = {
			isa = XCConfigurationList;
			buildConfigurations = (
				2163D4411E41332400E61CE4 /* Debug */,
				2163D4421E41332400E61CE4 /* Release */,
			);
			defaultConfigurationIsVisible = 0;
		};
/* End XCConfigurationList section */
	};
	rootObject = 2163D4201E41332200E61CE4 /* Project object */;
}
